
Microsoft Visual Studio Solution File, Format Version 12.00
# Visual Studio Version 17
VisualStudioVersion = 17.3.32825.248
MinimumVisualStudioVersion = 10.0.40219.1
Project("{9A19103F-16F7-4668-BE54-9A1E7A4F7556}") = "ExamenJS_API", "ExamenJS_API\ExamenJS_API.csproj", "{F527D474-2A1F-4751-8C5C-A020940E837F}"
EndProject
Project("{9A19103F-16F7-4668-BE54-9A1E7A4F7556}") = "DAL", "DAL\DAL.csproj", "{94268870-D355-4A2B-9CAF-233629493E35}"
EndProject
Project("{9A19103F-16F7-4668-BE54-9A1E7A4F7556}") = "BL", "BL\BL.csproj", "{5839CF95-F7EA-4B05-999A-529B4326B702}"
EndProject
Project("{FAE04EC0-301F-11D3-BF4B-00C04F79EFBC}") = "Entidades", "Entidades\Entidades.csproj", "{7C523D17-1A11-4696-BC1D-11CF37B9D2A2}"
EndProject
Global
	GlobalSection(SolutionConfigurationPlatforms) = preSolution
		Debug|Any CPU = Debug|Any CPU
		Release|Any CPU = Release|Any CPU
	EndGlobalSection
	GlobalSection(ProjectConfigurationPlatforms) = postSolution
		{F527D474-2A1F-4751-8C5C-A020940E837F}.Debug|Any CPU.ActiveCfg = Debug|Any CPU
		{F527D474-2A1F-4751-8C5C-A020940E837F}.Debug|Any CPU.Build.0 = Debug|Any CPU
		{F527D474-2A1F-4751-8C5C-A020940E837F}.Release|Any CPU.ActiveCfg = Release|Any CPU
		{F527D474-2A1F-4751-8C5C-A020940E837F}.Release|Any CPU.Build.0 = Release|Any CPU
		{94268870-D355-4A2B-9CAF-233629493E35}.Debug|Any CPU.ActiveCfg = Debug|Any CPU
		{94268870-D355-4A2B-9CAF-233629493E35}.Debug|Any CPU.Build.0 = Debug|Any CPU
		{94268870-D355-4A2B-9CAF-233629493E35}.Release|Any CPU.ActiveCfg = Release|Any CPU
		{94268870-D355-4A2B-9CAF-233629493E35}.Release|Any CPU.Build.0 = Release|Any CPU
		{5839CF95-F7EA-4B05-999A-529B4326B702}.Debug|Any CPU.ActiveCfg = Debug|Any CPU
		{5839CF95-F7EA-4B05-999A-529B4326B702}.Debug|Any CPU.Build.0 = Debug|Any CPU
		{5839CF95-F7EA-4B05-999A-529B4326B702}.Release|Any CPU.ActiveCfg = Release|Any CPU
		{5839CF95-F7EA-4B05-999A-529B4326B702}.Release|Any CPU.Build.0 = Release|Any CPU
		{7C523D17-1A11-4696-BC1D-11CF37B9D2A2}.Debug|Any CPU.ActiveCfg = Debug|Any CPU
		{7C523D17-1A11-4696-BC1D-11CF37B9D2A2}.Debug|Any CPU.Build.0 = Debug|Any CPU
		{7C523D17-1A11-4696-BC1D-11CF37B9D2A2}.Release|Any CPU.ActiveCfg = Release|Any CPU
		{7C523D17-1A11-4696-BC1D-11CF37B9D2A2}.Release|Any CPU.Build.0 = Release|Any CPU
	EndGlobalSection
	GlobalSection(SolutionProperties) = preSolution
		HideSolutionNode = FALSE
	EndGlobalSection
	GlobalSection(ExtensibilityGlobals) = postSolution
		SolutionGuid = {FBDE4496-BD18-4109-AD56-933B9ED99FF8}
	EndGlobalSection
EndGlobal
